// !$*UTF8*$!
{
	archiveVersion = 1;
	classes = {
	};
	objectVersion = 46;
	objects = {

/* Begin PBXBuildFile section */
		06BD351A1A115934000B7228 /* Foundation.framework in Frameworks */ = {isa = PBXBuildFile; fileRef = 06BD35191A115933000B7228 /* Foundation.framework */; };
		06BD351C1A115934000B7228 /* CoreGraphics.framework in Frameworks */ = {isa = PBXBuildFile; fileRef = 06BD351B1A115934000B7228 /* CoreGraphics.framework */; };
		06BD351E1A115934000B7228 /* UIKit.framework in Frameworks */ = {isa = PBXBuildFile; fileRef = 06BD351D1A115934000B7228 /* UIKit.framework */; };
		06BD35241A115934000B7228 /* InfoPlist.strings in Resources */ = {isa = PBXBuildFile; fileRef = 06BD35221A115934000B7228 /* InfoPlist.strings */; };
		06BD35261A115934000B7228 /* main.m in Sources */ = {isa = PBXBuildFile; fileRef = 06BD35251A115934000B7228 /* main.m */; };
		06BD352A1A115934000B7228 /* LNAppDelegate.m in Sources */ = {isa = PBXBuildFile; fileRef = 06BD35291A115934000B7228 /* LNAppDelegate.m */; };
		06BD352D1A115934000B7228 /* Main.storyboard in Resources */ = {isa = PBXBuildFile; fileRef = 06BD352B1A115934000B7228 /* Main.storyboard */; };
		06BD35301A115934000B7228 /* LNViewController.m in Sources */ = {isa = PBXBuildFile; fileRef = 06BD352F1A115934000B7228 /* LNViewController.m */; };
		06BD35321A115934000B7228 /* Images.xcassets in Resources */ = {isa = PBXBuildFile; fileRef = 06BD35311A115934000B7228 /* Images.xcassets */; };
		06BD35391A115934000B7228 /* XCTest.framework in Frameworks */ = {isa = PBXBuildFile; fileRef = 06BD35381A115934000B7228 /* XCTest.framework */; };
		06BD353A1A115934000B7228 /* Foundation.framework in Frameworks */ = {isa = PBXBuildFile; fileRef = 06BD35191A115933000B7228 /* Foundation.framework */; };
		06BD353B1A115934000B7228 /* UIKit.framework in Frameworks */ = {isa = PBXBuildFile; fileRef = 06BD351D1A115934000B7228 /* UIKit.framework */; };
		06BD35431A115934000B7228 /* InfoPlist.strings in Resources */ = {isa = PBXBuildFile; fileRef = 06BD35411A115934000B7228 /* InfoPlist.strings */; };
		06BD35451A115934000B7228 /* Laika_ProjectTests.m in Sources */ = {isa = PBXBuildFile; fileRef = 06BD35441A115934000B7228 /* Laika_ProjectTests.m */; };
/* End PBXBuildFile section */

/* Begin PBXContainerItemProxy section */
		06BD353C1A115934000B7228 /* PBXContainerItemProxy */ = {
			isa = PBXContainerItemProxy;
			containerPortal = 06BD350E1A115933000B7228 /* Project object */;
			proxyType = 1;
			remoteGlobalIDString = 06BD35151A115933000B7228;
			remoteInfo = "Laika Project";
		};
/* End PBXContainerItemProxy section */

/* Begin PBXFileReference section */
		06BD35161A115933000B7228 /* Laika Project.app */ = {isa = PBXFileReference; explicitFileType = wrapper.application; includeInIndex = 0; path = "Laika Project.app"; sourceTree = BUILT_PRODUCTS_DIR; };
		06BD35191A115933000B7228 /* Foundation.framework */ = {isa = PBXFileReference; lastKnownFileType = wrapper.framework; name = Foundation.framework; path = System/Library/Frameworks/Foundation.framework; sourceTree = SDKROOT; };
		06BD351B1A115934000B7228 /* CoreGraphics.framework */ = {isa = PBXFileReference; lastKnownFileType = wrapper.framework; name = CoreGraphics.framework; path = System/Library/Frameworks/CoreGraphics.framework; sourceTree = SDKROOT; };
		06BD351D1A115934000B7228 /* UIKit.framework */ = {isa = PBXFileReference; lastKnownFileType = wrapper.framework; name = UIKit.framework; path = System/Library/Frameworks/UIKit.framework; sourceTree = SDKROOT; };
		06BD35211A115934000B7228 /* Laika Project-Info.plist */ = {isa = PBXFileReference; lastKnownFileType = text.plist.xml; path = "Laika Project-Info.plist"; sourceTree = "<group>"; };
		06BD35231A115934000B7228 /* en */ = {isa = PBXFileReference; lastKnownFileType = text.plist.strings; name = en; path = en.lproj/InfoPlist.strings; sourceTree = "<group>"; };
		06BD35251A115934000B7228 /* main.m */ = {isa = PBXFileReference; lastKnownFileType = sourcecode.c.objc; path = main.m; sourceTree = "<group>"; };
		06BD35271A115934000B7228 /* Laika Project-Prefix.pch */ = {isa = PBXFileReference; lastKnownFileType = sourcecode.c.h; path = "Laika Project-Prefix.pch"; sourceTree = "<group>"; };
		06BD35281A115934000B7228 /* LNAppDelegate.h */ = {isa = PBXFileReference; lastKnownFileType = sourcecode.c.h; path = LNAppDelegate.h; sourceTree = "<group>"; };
		06BD35291A115934000B7228 /* LNAppDelegate.m */ = {isa = PBXFileReference; lastKnownFileType = sourcecode.c.objc; path = LNAppDelegate.m; sourceTree = "<group>"; };
		06BD352C1A115934000B7228 /* Base */ = {isa = PBXFileReference; lastKnownFileType = file.storyboard; name = Base; path = Base.lproj/Main.storyboard; sourceTree = "<group>"; };
		06BD352E1A115934000B7228 /* LNViewController.h */ = {isa = PBXFileReference; lastKnownFileType = sourcecode.c.h; path = LNViewController.h; sourceTree = "<group>"; };
		06BD352F1A115934000B7228 /* LNViewController.m */ = {isa = PBXFileReference; lastKnownFileType = sourcecode.c.objc; path = LNViewController.m; sourceTree = "<group>"; };
		06BD35311A115934000B7228 /* Images.xcassets */ = {isa = PBXFileReference; lastKnownFileType = folder.assetcatalog; path = Images.xcassets; sourceTree = "<group>"; };
		06BD35371A115934000B7228 /* Laika ProjectTests.xctest */ = {isa = PBXFileReference; explicitFileType = wrapper.cfbundle; includeInIndex = 0; path = "Laika ProjectTests.xctest"; sourceTree = BUILT_PRODUCTS_DIR; };
		06BD35381A115934000B7228 /* XCTest.framework */ = {isa = PBXFileReference; lastKnownFileType = wrapper.framework; name = XCTest.framework; path = Library/Frameworks/XCTest.framework; sourceTree = DEVELOPER_DIR; };
		06BD35401A115934000B7228 /* Laika ProjectTests-Info.plist */ = {isa = PBXFileReference; lastKnownFileType = text.plist.xml; path = "Laika ProjectTests-Info.plist"; sourceTree = "<group>"; };
		06BD35421A115934000B7228 /* en */ = {isa = PBXFileReference; lastKnownFileType = text.plist.strings; name = en; path = en.lproj/InfoPlist.strings; sourceTree = "<group>"; };
		06BD35441A115934000B7228 /* Laika_ProjectTests.m */ = {isa = PBXFileReference; lastKnownFileType = sourcecode.c.objc; path = Laika_ProjectTests.m; sourceTree = "<group>"; };
/* End PBXFileReference section */

/* Begin PBXFrameworksBuildPhase section */
		06BD35131A115933000B7228 /* Frameworks */ = {
			isa = PBXFrameworksBuildPhase;
			buildActionMask = 2147483647;
			files = (
				06BD351C1A115934000B7228 /* CoreGraphics.framework in Frameworks */,
				06BD351E1A115934000B7228 /* UIKit.framework in Frameworks */,
				06BD351A1A115934000B7228 /* Foundation.framework in Frameworks */,
			);
			runOnlyForDeploymentPostprocessing = 0;
		};
		06BD35341A115934000B7228 /* Frameworks */ = {
			isa = PBXFrameworksBuildPhase;
			buildActionMask = 2147483647;
			files = (
				06BD35391A115934000B7228 /* XCTest.framework in Frameworks */,
				06BD353B1A115934000B7228 /* UIKit.framework in Frameworks */,
				06BD353A1A115934000B7228 /* Foundation.framework in Frameworks */,
			);
			runOnlyForDeploymentPostprocessing = 0;
		};
/* End PBXFrameworksBuildPhase section */

/* Begin PBXGroup section */
		06BD350D1A115933000B7228 = {
			isa = PBXGroup;
			children = (
				06BD351F1A115934000B7228 /* Laika Project */,
				06BD353E1A115934000B7228 /* Laika ProjectTests */,
				06BD35181A115933000B7228 /* Frameworks */,
				06BD35171A115933000B7228 /* Products */,
			);
			sourceTree = "<group>";
		};
		06BD35171A115933000B7228 /* Products */ = {
			isa = PBXGroup;
			children = (
				06BD35161A115933000B7228 /* Laika Project.app */,
				06BD35371A115934000B7228 /* Laika ProjectTests.xctest */,
			);
			name = Products;
			sourceTree = "<group>";
		};
		06BD35181A115933000B7228 /* Frameworks */ = {
			isa = PBXGroup;
			children = (
				06BD35191A115933000B7228 /* Foundation.framework */,
				06BD351B1A115934000B7228 /* CoreGraphics.framework */,
				06BD351D1A115934000B7228 /* UIKit.framework */,
				06BD35381A115934000B7228 /* XCTest.framework */,
			);
			name = Frameworks;
			sourceTree = "<group>";
		};
		06BD351F1A115934000B7228 /* Laika Project */ = {
			isa = PBXGroup;
			children = (
				06BD35281A115934000B7228 /* LNAppDelegate.h */,
				06BD35291A115934000B7228 /* LNAppDelegate.m */,
				06BD352B1A115934000B7228 /* Main.storyboard */,
				06BD352E1A115934000B7228 /* LNViewController.h */,
				06BD352F1A115934000B7228 /* LNViewController.m */,
				06BD35311A115934000B7228 /* Images.xcassets */,
				06BD35201A115934000B7228 /* Supporting Files */,
			);
			path = "Laika Project";
			sourceTree = "<group>";
		};
		06BD35201A115934000B7228 /* Supporting Files */ = {
			isa = PBXGroup;
			children = (
				06BD35211A115934000B7228 /* Laika Project-Info.plist */,
				06BD35221A115934000B7228 /* InfoPlist.strings */,
				06BD35251A115934000B7228 /* main.m */,
				06BD35271A115934000B7228 /* Laika Project-Prefix.pch */,
			);
			name = "Supporting Files";
			sourceTree = "<group>";
		};
		06BD353E1A115934000B7228 /* Laika ProjectTests */ = {
			isa = PBXGroup;
			children = (
				06BD35441A115934000B7228 /* Laika_ProjectTests.m */,
				06BD353F1A115934000B7228 /* Supporting Files */,
			);
			path = "Laika ProjectTests";
			sourceTree = "<group>";
		};
		06BD353F1A115934000B7228 /* Supporting Files */ = {
			isa = PBXGroup;
			children = (
				06BD35401A115934000B7228 /* Laika ProjectTests-Info.plist */,
				06BD35411A115934000B7228 /* InfoPlist.strings */,
			);
			name = "Supporting Files";
			sourceTree = "<group>";
		};
/* End PBXGroup section */

/* Begin PBXNativeTarget section */
		06BD35151A115933000B7228 /* Laika Project */ = {
			isa = PBXNativeTarget;
			buildConfigurationList = 06BD35481A115934000B7228 /* Build configuration list for PBXNativeTarget "Laika Project" */;
			buildPhases = (
				06BD35121A115933000B7228 /* Sources */,
				06BD35131A115933000B7228 /* Frameworks */,
				06BD35141A115933000B7228 /* Resources */,
			);
			buildRules = (
			);
			dependencies = (
			);
			name = "Laika Project";
			productName = "Laika Project";
			productReference = 06BD35161A115933000B7228 /* Laika Project.app */;
			productType = "com.apple.product-type.application";
		};
		06BD35361A115934000B7228 /* Laika ProjectTests */ = {
			isa = PBXNativeTarget;
			buildConfigurationList = 06BD354B1A115934000B7228 /* Build configuration list for PBXNativeTarget "Laika ProjectTests" */;
			buildPhases = (
				06BD35331A115934000B7228 /* Sources */,
				06BD35341A115934000B7228 /* Frameworks */,
				06BD35351A115934000B7228 /* Resources */,
			);
			buildRules = (
			);
			dependencies = (
				06BD353D1A115934000B7228 /* PBXTargetDependency */,
			);
			name = "Laika ProjectTests";
			productName = "Laika ProjectTests";
			productReference = 06BD35371A115934000B7228 /* Laika ProjectTests.xctest */;
			productType = "com.apple.product-type.bundle.unit-test";
		};
/* End PBXNativeTarget section */

/* Begin PBXProject section */
		06BD350E1A115933000B7228 /* Project object */ = {
			isa = PBXProject;
			attributes = {
				CLASSPREFIX = LN;
				LastUpgradeCheck = 0510;
				ORGANIZATIONNAME = Liner;
				TargetAttributes = {
					06BD35361A115934000B7228 = {
						TestTargetID = 06BD35151A115933000B7228;
					};
				};
			};
			buildConfigurationList = 06BD35111A115933000B7228 /* Build configuration list for PBXProject "Laika Project" */;
			compatibilityVersion = "Xcode 3.2";
			developmentRegion = English;
			hasScannedForEncodings = 0;
			knownRegions = (
				en,
				Base,
			);
			mainGroup = 06BD350D1A115933000B7228;
			productRefGroup = 06BD35171A115933000B7228 /* Products */;
			projectDirPath = "";
			projectRoot = "";
			targets = (
				06BD35151A115933000B7228 /* Laika Project */,
				06BD35361A115934000B7228 /* Laika ProjectTests */,
			);
		};
/* End PBXProject section */

/* Begin PBXResourcesBuildPhase section */
		06BD35141A115933000B7228 /* Resources */ = {
			isa = PBXResourcesBuildPhase;
			buildActionMask = 2147483647;
			files = (
				06BD35321A115934000B7228 /* Images.xcassets in Resources */,
				06BD35241A115934000B7228 /* InfoPlist.strings in Resources */,
				06BD352D1A115934000B7228 /* Main.storyboard in Resources */,
			);
			runOnlyForDeploymentPostprocessing = 0;
		};
		06BD35351A115934000B7228 /* Resources */ = {
			isa = PBXResourcesBuildPhase;
			buildActionMask = 2147483647;
			files = (
				06BD35431A115934000B7228 /* InfoPlist.strings in Resources */,
			);
			runOnlyForDeploymentPostprocessing = 0;
		};
/* End PBXResourcesBuildPhase section */

/* Begin PBXSourcesBuildPhase section */
		06BD35121A115933000B7228 /* Sources */ = {
			isa = PBXSourcesBuildPhase;
			buildActionMask = 2147483647;
			files = (
				06BD352A1A115934000B7228 /* LNAppDelegate.m in Sources */,
				06BD35261A115934000B7228 /* main.m in Sources */,
				06BD35301A115934000B7228 /* LNViewController.m in Sources */,
			);
			runOnlyForDeploymentPostprocessing = 0;
		};
		06BD35331A115934000B7228 /* Sources */ = {
			isa = PBXSourcesBuildPhase;
			buildActionMask = 2147483647;
			files = (
				06BD35451A115934000B7228 /* Laika_ProjectTests.m in Sources */,
			);
			runOnlyForDeploymentPostprocessing = 0;
		};
/* End PBXSourcesBuildPhase section */

/* Begin PBXTargetDependency section */
		06BD353D1A115934000B7228 /* PBXTargetDependency */ = {
			isa = PBXTargetDependency;
			target = 06BD35151A115933000B7228 /* Laika Project */;
			targetProxy = 06BD353C1A115934000B7228 /* PBXContainerItemProxy */;
		};
/* End PBXTargetDependency section */

/* Begin PBXVariantGroup section */
		06BD35221A115934000B7228 /* InfoPlist.strings */ = {
			isa = PBXVariantGroup;
			children = (
				06BD35231A115934000B7228 /* en */,
			);
			name = InfoPlist.strings;
			sourceTree = "<group>";
		};
		06BD352B1A115934000B7228 /* Main.storyboard */ = {
			isa = PBXVariantGroup;
			children = (
				06BD352C1A115934000B7228 /* Base */,
			);
			name = Main.storyboard;
			sourceTree = "<group>";
		};
		06BD35411A115934000B7228 /* InfoPlist.strings */ = {
			isa = PBXVariantGroup;
			children = (
				06BD35421A115934000B7228 /* en */,
			);
			name = InfoPlist.strings;
			sourceTree = "<group>";
		};
/* End PBXVariantGroup section */

/* Begin XCBuildConfiguration section */
		06BD35461A115934000B7228 /* Debug */ = {
			isa = XCBuildConfiguration;
			buildSettings = {
				ALWAYS_SEARCH_USER_PATHS = NO;
				CLANG_CXX_LANGUAGE_STANDARD = "gnu++0x";
				CLANG_CXX_LIBRARY = "libc++";
				CLANG_ENABLE_MODULES = YES;
				CLANG_ENABLE_OBJC_ARC = YES;
				CLANG_WARN_BOOL_CONVERSION = YES;
				CLANG_WARN_CONSTANT_CONVERSION = YES;
				CLANG_WARN_DIRECT_OBJC_ISA_USAGE = YES_ERROR;
				CLANG_WARN_EMPTY_BODY = YES;
				CLANG_WARN_ENUM_CONVERSION = YES;
				CLANG_WARN_INT_CONVERSION = YES;
				CLANG_WARN_OBJC_ROOT_CLASS = YES_ERROR;
				CLANG_WARN__DUPLICATE_METHOD_MATCH = YES;
				"CODE_SIGN_IDENTITY[sdk=iphoneos*]" = "iPhone Developer";
				COPY_PHASE_STRIP = NO;
				GCC_C_LANGUAGE_STANDARD = gnu99;
				GCC_DYNAMIC_NO_PIC = NO;
				GCC_OPTIMIZATION_LEVEL = 0;
				GCC_PREPROCESSOR_DEFINITIONS = (
					"DEBUG=1",
					"$(inherited)",
				);
				GCC_SYMBOLS_PRIVATE_EXTERN = NO;
				GCC_WARN_64_TO_32_BIT_CONVERSION = YES;
				GCC_WARN_ABOUT_RETURN_TYPE = YES_ERROR;
				GCC_WARN_UNDECLARED_SELECTOR = YES;
				GCC_WARN_UNINITIALIZED_AUTOS = YES_AGGRESSIVE;
				GCC_WARN_UNUSED_FUNCTION = YES;
				GCC_WARN_UNUSED_VARIABLE = YES;
				IPHONEOS_DEPLOYMENT_TARGET = 7.1;
				ONLY_ACTIVE_ARCH = YES;
				SDKROOT = iphoneos;
			};
			name = Debug;
		};
		06BD35471A115934000B7228 /* Release */ = {
			isa = XCBuildConfiguration;
			buildSettings = {
				ALWAYS_SEARCH_USER_PATHS = NO;
				CLANG_CXX_LANGUAGE_STANDARD = "gnu++0x";
				CLANG_CXX_LIBRARY = "libc++";
				CLANG_ENABLE_MODULES = YES;
				CLANG_ENABLE_OBJC_ARC = YES;
				CLANG_WARN_BOOL_CONVERSION = YES;
				CLANG_WARN_CONSTANT_CONVERSION = YES;
				CLANG_WARN_DIRECT_OBJC_ISA_USAGE = YES_ERROR;
				CLANG_WARN_EMPTY_BODY = YES;
				CLANG_WARN_ENUM_CONVERSION = YES;
				CLANG_WARN_INT_CONVERSION = YES;
				CLANG_WARN_OBJC_ROOT_CLASS = YES_ERROR;
				CLANG_WARN__DUPLICATE_METHOD_MATCH = YES;
				"CODE_SIGN_IDENTITY[sdk=iphoneos*]" = "iPhone Developer";
				COPY_PHASE_STRIP = YES;
				ENABLE_NS_ASSERTIONS = NO;
				GCC_C_LANGUAGE_STANDARD = gnu99;
				GCC_WARN_64_TO_32_BIT_CONVERSION = YES;
				GCC_WARN_ABOUT_RETURN_TYPE = YES_ERROR;
				GCC_WARN_UNDECLARED_SELECTOR = YES;
				GCC_WARN_UNINITIALIZED_AUTOS = YES_AGGRESSIVE;
				GCC_WARN_UNUSED_FUNCTION = YES;
				GCC_WARN_UNUSED_VARIABLE = YES;
				IPHONEOS_DEPLOYMENT_TARGET = 7.1;
				SDKROOT = iphoneos;
				VALIDATE_PRODUCT = YES;
			};
			name = Release;
		};
		06BD35491A115934000B7228 /* Debug */ = {
			isa = XCBuildConfiguration;
			buildSettings = {
				ASSETCATALOG_COMPILER_APPICON_NAME = AppIcon;
				ASSETCATALOG_COMPILER_LAUNCHIMAGE_NAME = LaunchImage;
				GCC_PRECOMPILE_PREFIX_HEADER = YES;
				GCC_PREFIX_HEADER = "Laika Project/Laika Project-Prefix.pch";
				INFOPLIST_FILE = "Laika Project/Laika Project-Info.plist";
				PRODUCT_NAME = "$(TARGET_NAME)";
				WRAPPER_EXTENSION = app;
			};
			name = Debug;
		};
		06BD354A1A115934000B7228 /* Release */ = {
			isa = XCBuildConfiguration;
			buildSettings = {
				ASSETCATALOG_COMPILER_APPICON_NAME = AppIcon;
				ASSETCATALOG_COMPILER_LAUNCHIMAGE_NAME = LaunchImage;
				GCC_PRECOMPILE_PREFIX_HEADER = YES;
				GCC_PREFIX_HEADER = "Laika Project/Laika Project-Prefix.pch";
				INFOPLIST_FILE = "Laika Project/Laika Project-Info.plist";
				PRODUCT_NAME = "$(TARGET_NAME)";
				WRAPPER_EXTENSION = app;
			};
			name = Release;
		};
		06BD354C1A115934000B7228 /* Debug */ = {
			isa = XCBuildConfiguration;
			buildSettings = {
				BUNDLE_LOADER = "$(BUILT_PRODUCTS_DIR)/Laika Project.app/Laika Project";
				FRAMEWORK_SEARCH_PATHS = (
					"$(SDKROOT)/Developer/Library/Frameworks",
					"$(inherited)",
					"$(DEVELOPER_FRAMEWORKS_DIR)",
				);
				GCC_PRECOMPILE_PREFIX_HEADER = YES;
				GCC_PREFIX_HEADER = "Laika Project/Laika Project-Prefix.pch";
				GCC_PREPROCESSOR_DEFINITIONS = (
					"DEBUG=1",
					"$(inherited)",
				);
				INFOPLIST_FILE = "Laika ProjectTests/Laika ProjectTests-Info.plist";
				PRODUCT_NAME = "$(TARGET_NAME)";
				TEST_HOST = "$(BUNDLE_LOADER)";
				WRAPPER_EXTENSION = xctest;
			};
			name = Debug;
		};
		06BD354D1A115934000B7228 /* Release */ = {
			isa = XCBuildConfiguration;
			buildSettings = {
				BUNDLE_LOADER = "$(BUILT_PRODUCTS_DIR)/Laika Project.app/Laika Project";
				FRAMEWORK_SEARCH_PATHS = (
					"$(SDKROOT)/Developer/Library/Frameworks",
					"$(inherited)",
					"$(DEVELOPER_FRAMEWORKS_DIR)",
				);
				GCC_PRECOMPILE_PREFIX_HEADER = YES;
				GCC_PREFIX_HEADER = "Laika Project/Laika Project-Prefix.pch";
				INFOPLIST_FILE = "Laika ProjectTests/Laika ProjectTests-Info.plist";
				PRODUCT_NAME = "$(TARGET_NAME)";
				TEST_HOST = "$(BUNDLE_LOADER)";
				WRAPPER_EXTENSION = xctest;
			};
			name = Release;
		};
/* End XCBuildConfiguration section */

/* Begin XCConfigurationList section */
		06BD35111A115933000B7228 /* Build configuration list for PBXProject "Laika Project" */ = {
			isa = XCConfigurationList;
			buildConfigurations = (
				06BD35461A115934000B7228 /* Debug */,
				06BD35471A115934000B7228 /* Release */,
			);
			defaultConfigurationIsVisible = 0;
			defaultConfigurationName = Release;
		};
		06BD35481A115934000B7228 /* Build configuration list for PBXNativeTarget "Laika Project" */ = {
			isa = XCConfigurationList;
			buildConfigurations = (
				06BD35491A115934000B7228 /* Debug */,
				06BD354A1A115934000B7228 /* Release */,
			);
			defaultConfigurationIsVisible = 0;
		};
		06BD354B1A115934000B7228 /* Build configuration list for PBXNativeTarget "Laika ProjectTests" */ = {
			isa = XCConfigurationList;
			buildConfigurations = (
				06BD354C1A115934000B7228 /* Debug */,
				06BD354D1A115934000B7228 /* Release */,
			);
			defaultConfigurationIsVisible = 0;
		};
/* End XCConfigurationList section */
	};
	rootObject = 06BD350E1A115933000B7228 /* Project object */;
}
